
Microsoft Visual Studio Solution File, Format Version 12.00
# Visual Studio 15
VisualStudioVersion = 15.0.28010.2046
MinimumVisualStudioVersion = 10.0.40219.1
Project("{9A19103F-16F7-4668-BE54-9A1E7A4F7556}") = "BankApplication", "BankApplication\BankApplication.csproj", "{6C66FA5F-EB28-4604-B174-57D871AD16FE}"
EndProject
Project("{9A19103F-16F7-4668-BE54-9A1E7A4F7556}") = "BankUI", "BankUI\BankUI.csproj", "{DF0CEA0C-8B66-4AFF-A6F2-10A7E3AD3315}"
EndProject
Global
	GlobalSection(SolutionConfigurationPlatforms) = preSolution
		Debug|Any CPU = Debug|Any CPU
		Release|Any CPU = Release|Any CPU
	EndGlobalSection
	GlobalSection(ProjectConfigurationPlatforms) = postSolution
		{6C66FA5F-EB28-4604-B174-57D871AD16FE}.Debug|Any CPU.ActiveCfg = Debug|Any CPU
		{6C66FA5F-EB28-4604-B174-57D871AD16FE}.Debug|Any CPU.Build.0 = Debug|Any CPU
		{6C66FA5F-EB28-4604-B174-57D871AD16FE}.Release|Any CPU.ActiveCfg = Release|Any CPU
		{6C66FA5F-EB28-4604-B174-57D871AD16FE}.Release|Any CPU.Build.0 = Release|Any CPU
		{DF0CEA0C-8B66-4AFF-A6F2-10A7E3AD3315}.Debug|Any CPU.ActiveCfg = Debug|Any CPU
		{DF0CEA0C-8B66-4AFF-A6F2-10A7E3AD3315}.Debug|Any CPU.Build.0 = Debug|Any CPU
		{DF0CEA0C-8B66-4AFF-A6F2-10A7E3AD3315}.Release|Any CPU.ActiveCfg = Release|Any CPU
		{DF0CEA0C-8B66-4AFF-A6F2-10A7E3AD3315}.Release|Any CPU.Build.0 = Release|Any CPU
	EndGlobalSection
	GlobalSection(SolutionProperties) = preSolution
		HideSolutionNode = FALSE
	EndGlobalSection
	GlobalSection(ExtensibilityGlobals) = postSolution
		SolutionGuid = {65F82E13-E03F-426A-9485-5C440A2FB0FF}
	EndGlobalSection
EndGlobal
